// !$*UTF8*$!
{
	archiveVersion = 1;
	classes = {
	};
	objectVersion = 56;
	objects = {

/* Begin PBXBuildFile section */
		243101832C020F0600E19C97 /* AppDelegate.swift in Sources */ = {isa = PBXBuildFile; fileRef = 243101822C020F0600E19C97 /* AppDelegate.swift */; };
		243101852C020F0600E19C97 /* SceneDelegate.swift in Sources */ = {isa = PBXBuildFile; fileRef = 243101842C020F0600E19C97 /* SceneDelegate.swift */; };
		243101872C020F0600E19C97 /* ViewController.swift in Sources */ = {isa = PBXBuildFile; fileRef = 243101862C020F0600E19C97 /* ViewController.swift */; };
		2431018A2C020F0600E19C97 /* Base in Resources */ = {isa = PBXBuildFile; fileRef = 243101892C020F0600E19C97 /* Base */; };
		2431018C2C020F0800E19C97 /* Assets.xcassets in Resources */ = {isa = PBXBuildFile; fileRef = 2431018B2C020F0800E19C97 /* Assets.xcassets */; };
		2431018F2C020F0800E19C97 /* Base in Resources */ = {isa = PBXBuildFile; fileRef = 2431018E2C020F0800E19C97 /* Base */; };
		243101982C020F6900E19C97 /* MagazineInfo.swift in Sources */ = {isa = PBXBuildFile; fileRef = 243101962C020F6900E19C97 /* MagazineInfo.swift */; };
		243101992C020F6900E19C97 /* Restaurant.swift in Sources */ = {isa = PBXBuildFile; fileRef = 243101972C020F6900E19C97 /* Restaurant.swift */; };
		243101A02C02133700E19C97 /* Kingfisher in Frameworks */ = {isa = PBXBuildFile; productRef = 2431019F2C02133700E19C97 /* Kingfisher */; };
		24419E4E2C05D2E1008CB43C /* CGFloat+.swift in Sources */ = {isa = PBXBuildFile; fileRef = 24419E4D2C05D2E1008CB43C /* CGFloat+.swift */; };
		24419E542C06DFD8008CB43C /* AdDetailViewController.swift in Sources */ = {isa = PBXBuildFile; fileRef = 24419E532C06DFD8008CB43C /* AdDetailViewController.swift */; };
		24419E562C06DFE3008CB43C /* TravelDetailViewController.swift in Sources */ = {isa = PBXBuildFile; fileRef = 24419E552C06DFE3008CB43C /* TravelDetailViewController.swift */; };
		24419E592C06FE74008CB43C /* CityInfo.swift in Sources */ = {isa = PBXBuildFile; fileRef = 24419E582C06FE74008CB43C /* CityInfo.swift */; };
		24419E5B2C070046008CB43C /* City.storyboard in Resources */ = {isa = PBXBuildFile; fileRef = 24419E5A2C070046008CB43C /* City.storyboard */; };
		24419E5D2C070144008CB43C /* CityViewController.swift in Sources */ = {isa = PBXBuildFile; fileRef = 24419E5C2C070144008CB43C /* CityViewController.swift */; };
		24419E602C071146008CB43C /* CityCell.xib in Resources */ = {isa = PBXBuildFile; fileRef = 24419E5F2C071146008CB43C /* CityCell.xib */; };
		24419E612C071146008CB43C /* CityCell.swift in Sources */ = {isa = PBXBuildFile; fileRef = 24419E5E2C071146008CB43C /* CityCell.swift */; };
		24419E6E2C0864F6008CB43C /* RestaurantMapViewController.swift in Sources */ = {isa = PBXBuildFile; fileRef = 24419E6D2C0864F6008CB43C /* RestaurantMapViewController.swift */; };
		24419E702C08723A008CB43C /* ReuseIdentifierProtocol.swift in Sources */ = {isa = PBXBuildFile; fileRef = 24419E6F2C08723A008CB43C /* ReuseIdentifierProtocol.swift */; };
		24419EAF2C0B016D008CB43C /* ChattingData.swift in Sources */ = {isa = PBXBuildFile; fileRef = 24419EAE2C0B016D008CB43C /* ChattingData.swift */; };
		24419EB12C0B019D008CB43C /* Talk.storyboard in Resources */ = {isa = PBXBuildFile; fileRef = 24419EB02C0B019D008CB43C /* Talk.storyboard */; };
		24419EB32C0B01F5008CB43C /* TalkViewController.swift in Sources */ = {isa = PBXBuildFile; fileRef = 24419EB22C0B01F5008CB43C /* TalkViewController.swift */; };
		24419EB72C0B04B1008CB43C /* TalkTableViewCell.swift in Sources */ = {isa = PBXBuildFile; fileRef = 24419EB52C0B04B1008CB43C /* TalkTableViewCell.swift */; };
		24419EB82C0B04B1008CB43C /* TalkTableViewCell.xib in Resources */ = {isa = PBXBuildFile; fileRef = 24419EB62C0B04B1008CB43C /* TalkTableViewCell.xib */; };
		24419EBA2C0B2E10008CB43C /* ChatViewController.swift in Sources */ = {isa = PBXBuildFile; fileRef = 24419EB92C0B2E10008CB43C /* ChatViewController.swift */; };
		24419EBD2C0B33D9008CB43C /* ChatTableViewCell.swift in Sources */ = {isa = PBXBuildFile; fileRef = 24419EBB2C0B33D9008CB43C /* ChatTableViewCell.swift */; };
		24419EBE2C0B33D9008CB43C /* ChatTableViewCell.xib in Resources */ = {isa = PBXBuildFile; fileRef = 24419EBC2C0B33D9008CB43C /* ChatTableViewCell.xib */; };
		24419EC12C0B33E6008CB43C /* MyChatTableViewCell.swift in Sources */ = {isa = PBXBuildFile; fileRef = 24419EBF2C0B33E6008CB43C /* MyChatTableViewCell.swift */; };
		24419EC22C0B33E6008CB43C /* MyChatTableViewCell.xib in Resources */ = {isa = PBXBuildFile; fileRef = 24419EC02C0B33E6008CB43C /* MyChatTableViewCell.xib */; };
		2494447D2C04879200AEBAB4 /* TravelModel.swift in Sources */ = {isa = PBXBuildFile; fileRef = 2494447C2C04879100AEBAB4 /* TravelModel.swift */; };
		249A053B2C05D0200074D224 /* UIColor+.swift in Sources */ = {isa = PBXBuildFile; fileRef = 249A053A2C05D0200074D224 /* UIColor+.swift */; };
		24BBED352C04AC1500567F66 /* TravelViewController.swift in Sources */ = {isa = PBXBuildFile; fileRef = 24BBED342C04AC1500567F66 /* TravelViewController.swift */; };
		24BBED382C04AC7F00567F66 /* TravelTableViewCell.swift in Sources */ = {isa = PBXBuildFile; fileRef = 24BBED362C04AC7F00567F66 /* TravelTableViewCell.swift */; };
		24BBED392C04AC7F00567F66 /* TravelTableViewCell.xib in Resources */ = {isa = PBXBuildFile; fileRef = 24BBED372C04AC7F00567F66 /* TravelTableViewCell.xib */; };
		24BBED452C04B63400567F66 /* AdTableViewCell.swift in Sources */ = {isa = PBXBuildFile; fileRef = 24BBED432C04B63400567F66 /* AdTableViewCell.swift */; };
		24BBED462C04B63400567F66 /* AdTableViewCell.xib in Resources */ = {isa = PBXBuildFile; fileRef = 24BBED442C04B63400567F66 /* AdTableViewCell.xib */; };
		24BBED852C05B92C00567F66 /* Magazine.storyboard in Resources */ = {isa = PBXBuildFile; fileRef = 24BBED842C05B92C00567F66 /* Magazine.storyboard */; };
		24BBED872C05B93700567F66 /* Restaurant.storyboard in Resources */ = {isa = PBXBuildFile; fileRef = 24BBED862C05B93700567F66 /* Restaurant.storyboard */; };
		24BBED892C05B94100567F66 /* Travel.storyboard in Resources */ = {isa = PBXBuildFile; fileRef = 24BBED882C05B94100567F66 /* Travel.storyboard */; };
		24BBED8B2C05BAAF00567F66 /* MagazineViewController.swift in Sources */ = {isa = PBXBuildFile; fileRef = 24BBED8A2C05BAAF00567F66 /* MagazineViewController.swift */; };
		24BBED8E2C05BB0100567F66 /* MagazineCell.xib in Resources */ = {isa = PBXBuildFile; fileRef = 24BBED8D2C05BB0100567F66 /* MagazineCell.xib */; };
		24BBED8F2C05BB0100567F66 /* MagazineCell.swift in Sources */ = {isa = PBXBuildFile; fileRef = 24BBED8C2C05BB0100567F66 /* MagazineCell.swift */; };
		24BBED912C05BEE600567F66 /* RestaurantViewController.swift in Sources */ = {isa = PBXBuildFile; fileRef = 24BBED902C05BEE600567F66 /* RestaurantViewController.swift */; };
		24BBED962C05C1FB00567F66 /* RestaurantCell.xib in Resources */ = {isa = PBXBuildFile; fileRef = 24BBED952C05C1FB00567F66 /* RestaurantCell.xib */; };
		24BBED972C05C1FB00567F66 /* RestaurantCell.swift in Sources */ = {isa = PBXBuildFile; fileRef = 24BBED942C05C1FB00567F66 /* RestaurantCell.swift */; };
		24D5AD852C0ED382001624D9 /* SnapKit in Frameworks */ = {isa = PBXBuildFile; productRef = 24D5AD842C0ED382001624D9 /* SnapKit */; };
/* End PBXBuildFile section */

/* Begin PBXFileReference section */
		2431017F2C020F0600E19C97 /* Travel.app */ = {isa = PBXFileReference; explicitFileType = wrapper.application; includeInIndex = 0; path = Travel.app; sourceTree = BUILT_PRODUCTS_DIR; };
		243101822C020F0600E19C97 /* AppDelegate.swift */ = {isa = PBXFileReference; lastKnownFileType = sourcecode.swift; path = AppDelegate.swift; sourceTree = "<group>"; };
		243101842C020F0600E19C97 /* SceneDelegate.swift */ = {isa = PBXFileReference; lastKnownFileType = sourcecode.swift; path = SceneDelegate.swift; sourceTree = "<group>"; };
		243101862C020F0600E19C97 /* ViewController.swift */ = {isa = PBXFileReference; lastKnownFileType = sourcecode.swift; path = ViewController.swift; sourceTree = "<group>"; };
		243101892C020F0600E19C97 /* Base */ = {isa = PBXFileReference; lastKnownFileType = file.storyboard; name = Base; path = Base.lproj/Main.storyboard; sourceTree = "<group>"; };
		2431018B2C020F0800E19C97 /* Assets.xcassets */ = {isa = PBXFileReference; lastKnownFileType = folder.assetcatalog; path = Assets.xcassets; sourceTree = "<group>"; };
		2431018E2C020F0800E19C97 /* Base */ = {isa = PBXFileReference; lastKnownFileType = file.storyboard; name = Base; path = Base.lproj/LaunchScreen.storyboard; sourceTree = "<group>"; };
		243101902C020F0800E19C97 /* Info.plist */ = {isa = PBXFileReference; lastKnownFileType = text.plist.xml; path = Info.plist; sourceTree = "<group>"; };
		243101962C020F6900E19C97 /* MagazineInfo.swift */ = {isa = PBXFileReference; fileEncoding = 4; lastKnownFileType = sourcecode.swift; path = MagazineInfo.swift; sourceTree = "<group>"; };
		243101972C020F6900E19C97 /* Restaurant.swift */ = {isa = PBXFileReference; fileEncoding = 4; lastKnownFileType = sourcecode.swift; path = Restaurant.swift; sourceTree = "<group>"; };
		24419E4D2C05D2E1008CB43C /* CGFloat+.swift */ = {isa = PBXFileReference; lastKnownFileType = sourcecode.swift; path = "CGFloat+.swift"; sourceTree = "<group>"; };
		24419E532C06DFD8008CB43C /* AdDetailViewController.swift */ = {isa = PBXFileReference; lastKnownFileType = sourcecode.swift; path = AdDetailViewController.swift; sourceTree = "<group>"; };
		24419E552C06DFE3008CB43C /* TravelDetailViewController.swift */ = {isa = PBXFileReference; lastKnownFileType = sourcecode.swift; path = TravelDetailViewController.swift; sourceTree = "<group>"; };
		24419E582C06FE74008CB43C /* CityInfo.swift */ = {isa = PBXFileReference; fileEncoding = 4; lastKnownFileType = sourcecode.swift; path = CityInfo.swift; sourceTree = "<group>"; };
		24419E5A2C070046008CB43C /* City.storyboard */ = {isa = PBXFileReference; lastKnownFileType = file.storyboard; path = City.storyboard; sourceTree = "<group>"; };
		24419E5C2C070144008CB43C /* CityViewController.swift */ = {isa = PBXFileReference; lastKnownFileType = sourcecode.swift; path = CityViewController.swift; sourceTree = "<group>"; };
		24419E5E2C071146008CB43C /* CityCell.swift */ = {isa = PBXFileReference; lastKnownFileType = sourcecode.swift; path = CityCell.swift; sourceTree = "<group>"; };
		24419E5F2C071146008CB43C /* CityCell.xib */ = {isa = PBXFileReference; lastKnownFileType = file.xib; path = CityCell.xib; sourceTree = "<group>"; };
		24419E6D2C0864F6008CB43C /* RestaurantMapViewController.swift */ = {isa = PBXFileReference; lastKnownFileType = sourcecode.swift; path = RestaurantMapViewController.swift; sourceTree = "<group>"; };
		24419E6F2C08723A008CB43C /* ReuseIdentifierProtocol.swift */ = {isa = PBXFileReference; lastKnownFileType = sourcecode.swift; path = ReuseIdentifierProtocol.swift; sourceTree = "<group>"; };
		24419EAE2C0B016D008CB43C /* ChattingData.swift */ = {isa = PBXFileReference; fileEncoding = 4; lastKnownFileType = sourcecode.swift; path = ChattingData.swift; sourceTree = "<group>"; };
		24419EB02C0B019D008CB43C /* Talk.storyboard */ = {isa = PBXFileReference; lastKnownFileType = file.storyboard; path = Talk.storyboard; sourceTree = "<group>"; };
		24419EB22C0B01F5008CB43C /* TalkViewController.swift */ = {isa = PBXFileReference; lastKnownFileType = sourcecode.swift; path = TalkViewController.swift; sourceTree = "<group>"; };
		24419EB52C0B04B1008CB43C /* TalkTableViewCell.swift */ = {isa = PBXFileReference; lastKnownFileType = sourcecode.swift; path = TalkTableViewCell.swift; sourceTree = "<group>"; };
		24419EB62C0B04B1008CB43C /* TalkTableViewCell.xib */ = {isa = PBXFileReference; lastKnownFileType = file.xib; path = TalkTableViewCell.xib; sourceTree = "<group>"; };
		24419EB92C0B2E10008CB43C /* ChatViewController.swift */ = {isa = PBXFileReference; lastKnownFileType = sourcecode.swift; path = ChatViewController.swift; sourceTree = "<group>"; };
		24419EBB2C0B33D9008CB43C /* ChatTableViewCell.swift */ = {isa = PBXFileReference; lastKnownFileType = sourcecode.swift; path = ChatTableViewCell.swift; sourceTree = "<group>"; };
		24419EBC2C0B33D9008CB43C /* ChatTableViewCell.xib */ = {isa = PBXFileReference; lastKnownFileType = file.xib; path = ChatTableViewCell.xib; sourceTree = "<group>"; };
		24419EBF2C0B33E6008CB43C /* MyChatTableViewCell.swift */ = {isa = PBXFileReference; lastKnownFileType = sourcecode.swift; path = MyChatTableViewCell.swift; sourceTree = "<group>"; };
		24419EC02C0B33E6008CB43C /* MyChatTableViewCell.xib */ = {isa = PBXFileReference; lastKnownFileType = file.xib; path = MyChatTableViewCell.xib; sourceTree = "<group>"; };
		2494447C2C04879100AEBAB4 /* TravelModel.swift */ = {isa = PBXFileReference; fileEncoding = 4; lastKnownFileType = sourcecode.swift; path = TravelModel.swift; sourceTree = "<group>"; };
		249A053A2C05D0200074D224 /* UIColor+.swift */ = {isa = PBXFileReference; lastKnownFileType = sourcecode.swift; path = "UIColor+.swift"; sourceTree = "<group>"; };
		24BBED342C04AC1500567F66 /* TravelViewController.swift */ = {isa = PBXFileReference; lastKnownFileType = sourcecode.swift; path = TravelViewController.swift; sourceTree = "<group>"; };
		24BBED362C04AC7F00567F66 /* TravelTableViewCell.swift */ = {isa = PBXFileReference; lastKnownFileType = sourcecode.swift; path = TravelTableViewCell.swift; sourceTree = "<group>"; };
		24BBED372C04AC7F00567F66 /* TravelTableViewCell.xib */ = {isa = PBXFileReference; lastKnownFileType = file.xib; path = TravelTableViewCell.xib; sourceTree = "<group>"; };
		24BBED432C04B63400567F66 /* AdTableViewCell.swift */ = {isa = PBXFileReference; lastKnownFileType = sourcecode.swift; path = AdTableViewCell.swift; sourceTree = "<group>"; };
		24BBED442C04B63400567F66 /* AdTableViewCell.xib */ = {isa = PBXFileReference; lastKnownFileType = file.xib; path = AdTableViewCell.xib; sourceTree = "<group>"; };
		24BBED842C05B92C00567F66 /* Magazine.storyboard */ = {isa = PBXFileReference; lastKnownFileType = file.storyboard; path = Magazine.storyboard; sourceTree = "<group>"; };
		24BBED862C05B93700567F66 /* Restaurant.storyboard */ = {isa = PBXFileReference; lastKnownFileType = file.storyboard; path = Restaurant.storyboard; sourceTree = "<group>"; };
		24BBED882C05B94100567F66 /* Travel.storyboard */ = {isa = PBXFileReference; lastKnownFileType = file.storyboard; path = Travel.storyboard; sourceTree = "<group>"; };
		24BBED8A2C05BAAF00567F66 /* MagazineViewController.swift */ = {isa = PBXFileReference; lastKnownFileType = sourcecode.swift; path = MagazineViewController.swift; sourceTree = "<group>"; };
		24BBED8C2C05BB0100567F66 /* MagazineCell.swift */ = {isa = PBXFileReference; lastKnownFileType = sourcecode.swift; path = MagazineCell.swift; sourceTree = "<group>"; };
		24BBED8D2C05BB0100567F66 /* MagazineCell.xib */ = {isa = PBXFileReference; lastKnownFileType = file.xib; path = MagazineCell.xib; sourceTree = "<group>"; };
		24BBED902C05BEE600567F66 /* RestaurantViewController.swift */ = {isa = PBXFileReference; lastKnownFileType = sourcecode.swift; path = RestaurantViewController.swift; sourceTree = "<group>"; };
		24BBED942C05C1FB00567F66 /* RestaurantCell.swift */ = {isa = PBXFileReference; lastKnownFileType = sourcecode.swift; path = RestaurantCell.swift; sourceTree = "<group>"; };
		24BBED952C05C1FB00567F66 /* RestaurantCell.xib */ = {isa = PBXFileReference; lastKnownFileType = file.xib; path = RestaurantCell.xib; sourceTree = "<group>"; };
/* End PBXFileReference section */

/* Begin PBXFrameworksBuildPhase section */
		2431017C2C020F0600E19C97 /* Frameworks */ = {
			isa = PBXFrameworksBuildPhase;
			buildActionMask = 2147483647;
			files = (
				243101A02C02133700E19C97 /* Kingfisher in Frameworks */,
				24D5AD852C0ED382001624D9 /* SnapKit in Frameworks */,
			);
			runOnlyForDeploymentPostprocessing = 0;
		};
/* End PBXFrameworksBuildPhase section */

/* Begin PBXGroup section */
		243101762C020F0600E19C97 = {
			isa = PBXGroup;
			children = (
				243101812C020F0600E19C97 /* Travel */,
				243101802C020F0600E19C97 /* Products */,
			);
			sourceTree = "<group>";
		};
		243101802C020F0600E19C97 /* Products */ = {
			isa = PBXGroup;
			children = (
				2431017F2C020F0600E19C97 /* Travel.app */,
			);
			name = Products;
			sourceTree = "<group>";
		};
		243101812C020F0600E19C97 /* Travel */ = {
			isa = PBXGroup;
			children = (
				243101822C020F0600E19C97 /* AppDelegate.swift */,
				243101842C020F0600E19C97 /* SceneDelegate.swift */,
				243101862C020F0600E19C97 /* ViewController.swift */,
				243101882C020F0600E19C97 /* Main.storyboard */,
				249A053C2C05D0260074D224 /* Extension */,
				24419E732C0875F0008CB43C /* Scenes */,
				2431018B2C020F0800E19C97 /* Assets.xcassets */,
				2431018D2C020F0800E19C97 /* LaunchScreen.storyboard */,
				243101902C020F0800E19C97 /* Info.plist */,
			);
			path = Travel;
			sourceTree = "<group>";
		};
		24419E572C06FE5E008CB43C /* City */ = {
			isa = PBXGroup;
			children = (
				24419E5A2C070046008CB43C /* City.storyboard */,
				24419E582C06FE74008CB43C /* CityInfo.swift */,
				24419E5C2C070144008CB43C /* CityViewController.swift */,
				24419E5E2C071146008CB43C /* CityCell.swift */,
				24419E5F2C071146008CB43C /* CityCell.xib */,
			);
			path = City;
			sourceTree = "<group>";
		};
		24419E732C0875F0008CB43C /* Scenes */ = {
			isa = PBXGroup;
			children = (
				24BBED402C04AE2C00567F66 /* Magazines */,
				24BBED412C04AE3A00567F66 /* Restaurants */,
				24BBED422C04AE4D00567F66 /* Travels */,
				24419E572C06FE5E008CB43C /* City */,
				24419EB42C0B01F9008CB43C /* Talk */,
			);
			path = Scenes;
			sourceTree = "<group>";
		};
		24419EB42C0B01F9008CB43C /* Talk */ = {
			isa = PBXGroup;
			children = (
				24419EB02C0B019D008CB43C /* Talk.storyboard */,
				24419EAE2C0B016D008CB43C /* ChattingData.swift */,
				24419EB22C0B01F5008CB43C /* TalkViewController.swift */,
				24419EB52C0B04B1008CB43C /* TalkTableViewCell.swift */,
				24419EB62C0B04B1008CB43C /* TalkTableViewCell.xib */,
				24419EB92C0B2E10008CB43C /* ChatViewController.swift */,
				24419EBB2C0B33D9008CB43C /* ChatTableViewCell.swift */,
				24419EBC2C0B33D9008CB43C /* ChatTableViewCell.xib */,
				24419EBF2C0B33E6008CB43C /* MyChatTableViewCell.swift */,
				24419EC02C0B33E6008CB43C /* MyChatTableViewCell.xib */,
			);
			path = Talk;
			sourceTree = "<group>";
		};
		249A053C2C05D0260074D224 /* Extension */ = {
			isa = PBXGroup;
			children = (
				24419E6F2C08723A008CB43C /* ReuseIdentifierProtocol.swift */,
				24419E4D2C05D2E1008CB43C /* CGFloat+.swift */,
				249A053A2C05D0200074D224 /* UIColor+.swift */,
			);
			path = Extension;
			sourceTree = "<group>";
		};
		24BBED402C04AE2C00567F66 /* Magazines */ = {
			isa = PBXGroup;
			children = (
				24BBED842C05B92C00567F66 /* Magazine.storyboard */,
				243101962C020F6900E19C97 /* MagazineInfo.swift */,
				24BBED8A2C05BAAF00567F66 /* MagazineViewController.swift */,
				24BBED8C2C05BB0100567F66 /* MagazineCell.swift */,
				24BBED8D2C05BB0100567F66 /* MagazineCell.xib */,
			);
			path = Magazines;
			sourceTree = "<group>";
		};
		24BBED412C04AE3A00567F66 /* Restaurants */ = {
			isa = PBXGroup;
			children = (
				24BBED862C05B93700567F66 /* Restaurant.storyboard */,
				243101972C020F6900E19C97 /* Restaurant.swift */,
				24BBED902C05BEE600567F66 /* RestaurantViewController.swift */,
				24419E6D2C0864F6008CB43C /* RestaurantMapViewController.swift */,
				24BBED942C05C1FB00567F66 /* RestaurantCell.swift */,
				24BBED952C05C1FB00567F66 /* RestaurantCell.xib */,
			);
			path = Restaurants;
			sourceTree = "<group>";
		};
		24BBED422C04AE4D00567F66 /* Travels */ = {
			isa = PBXGroup;
			children = (
				24BBED882C05B94100567F66 /* Travel.storyboard */,
				2494447C2C04879100AEBAB4 /* TravelModel.swift */,
				24BBED342C04AC1500567F66 /* TravelViewController.swift */,
				24BBED362C04AC7F00567F66 /* TravelTableViewCell.swift */,
				24BBED372C04AC7F00567F66 /* TravelTableViewCell.xib */,
				24BBED432C04B63400567F66 /* AdTableViewCell.swift */,
				24BBED442C04B63400567F66 /* AdTableViewCell.xib */,
				24419E552C06DFE3008CB43C /* TravelDetailViewController.swift */,
				24419E532C06DFD8008CB43C /* AdDetailViewController.swift */,
			);
			path = Travels;
			sourceTree = "<group>";
		};
/* End PBXGroup section */

/* Begin PBXNativeTarget section */
		2431017E2C020F0600E19C97 /* Travel */ = {
			isa = PBXNativeTarget;
			buildConfigurationList = 243101932C020F0800E19C97 /* Build configuration list for PBXNativeTarget "Travel" */;
			buildPhases = (
				2431017B2C020F0600E19C97 /* Sources */,
				2431017C2C020F0600E19C97 /* Frameworks */,
				2431017D2C020F0600E19C97 /* Resources */,
			);
			buildRules = (
			);
			dependencies = (
			);
			name = Travel;
			packageProductDependencies = (
				2431019F2C02133700E19C97 /* Kingfisher */,
				24D5AD842C0ED382001624D9 /* SnapKit */,
			);
			productName = Travel;
			productReference = 2431017F2C020F0600E19C97 /* Travel.app */;
			productType = "com.apple.product-type.application";
		};
/* End PBXNativeTarget section */

/* Begin PBXProject section */
		243101772C020F0600E19C97 /* Project object */ = {
			isa = PBXProject;
			attributes = {
				BuildIndependentTargetsInParallel = 1;
				LastSwiftUpdateCheck = 1530;
				LastUpgradeCheck = 1530;
				TargetAttributes = {
					2431017E2C020F0600E19C97 = {
						CreatedOnToolsVersion = 15.3;
					};
				};
			};
			buildConfigurationList = 2431017A2C020F0600E19C97 /* Build configuration list for PBXProject "Travel" */;
			compatibilityVersion = "Xcode 14.0";
			developmentRegion = en;
			hasScannedForEncodings = 0;
			knownRegions = (
				en,
				Base,
			);
			mainGroup = 243101762C020F0600E19C97;
			packageReferences = (
				2431019E2C02133700E19C97 /* XCRemoteSwiftPackageReference "Kingfisher" */,
				24D5AD832C0ED382001624D9 /* XCRemoteSwiftPackageReference "SnapKit" */,
			);
			productRefGroup = 243101802C020F0600E19C97 /* Products */;
			projectDirPath = "";
			projectRoot = "";
			targets = (
				2431017E2C020F0600E19C97 /* Travel */,
			);
		};
/* End PBXProject section */

/* Begin PBXResourcesBuildPhase section */
		2431017D2C020F0600E19C97 /* Resources */ = {
			isa = PBXResourcesBuildPhase;
			buildActionMask = 2147483647;
			files = (
				24419EB12C0B019D008CB43C /* Talk.storyboard in Resources */,
				24419EC22C0B33E6008CB43C /* MyChatTableViewCell.xib in Resources */,
				24419E5B2C070046008CB43C /* City.storyboard in Resources */,
				24BBED462C04B63400567F66 /* AdTableViewCell.xib in Resources */,
				2431018C2C020F0800E19C97 /* Assets.xcassets in Resources */,
				24BBED872C05B93700567F66 /* Restaurant.storyboard in Resources */,
				24419EB82C0B04B1008CB43C /* TalkTableViewCell.xib in Resources */,
				24BBED392C04AC7F00567F66 /* TravelTableViewCell.xib in Resources */,
				24419EBE2C0B33D9008CB43C /* ChatTableViewCell.xib in Resources */,
				2431018F2C020F0800E19C97 /* Base in Resources */,
				24419E602C071146008CB43C /* CityCell.xib in Resources */,
				24BBED8E2C05BB0100567F66 /* MagazineCell.xib in Resources */,
				24BBED852C05B92C00567F66 /* Magazine.storyboard in Resources */,
				24BBED892C05B94100567F66 /* Travel.storyboard in Resources */,
				24BBED962C05C1FB00567F66 /* RestaurantCell.xib in Resources */,
				2431018A2C020F0600E19C97 /* Base in Resources */,
			);
			runOnlyForDeploymentPostprocessing = 0;
		};
/* End PBXResourcesBuildPhase section */

/* Begin PBXSourcesBuildPhase section */
		2431017B2C020F0600E19C97 /* Sources */ = {
			isa = PBXSourcesBuildPhase;
			buildActionMask = 2147483647;
			files = (
				24419EB72C0B04B1008CB43C /* TalkTableViewCell.swift in Sources */,
				24BBED972C05C1FB00567F66 /* RestaurantCell.swift in Sources */,
				24419EAF2C0B016D008CB43C /* ChattingData.swift in Sources */,
				24419EBD2C0B33D9008CB43C /* ChatTableViewCell.swift in Sources */,
				24BBED8B2C05BAAF00567F66 /* MagazineViewController.swift in Sources */,
				24419E612C071146008CB43C /* CityCell.swift in Sources */,
				243101992C020F6900E19C97 /* Restaurant.swift in Sources */,
				24419E6E2C0864F6008CB43C /* RestaurantMapViewController.swift in Sources */,
				24BBED8F2C05BB0100567F66 /* MagazineCell.swift in Sources */,
				24419E702C08723A008CB43C /* ReuseIdentifierProtocol.swift in Sources */,
				24419E4E2C05D2E1008CB43C /* CGFloat+.swift in Sources */,
				24BBED382C04AC7F00567F66 /* TravelTableViewCell.swift in Sources */,
				243101872C020F0600E19C97 /* ViewController.swift in Sources */,
				24419EC12C0B33E6008CB43C /* MyChatTableViewCell.swift in Sources */,
				243101982C020F6900E19C97 /* MagazineInfo.swift in Sources */,
				2494447D2C04879200AEBAB4 /* TravelModel.swift in Sources */,
				24BBED912C05BEE600567F66 /* RestaurantViewController.swift in Sources */,
				24419E562C06DFE3008CB43C /* TravelDetailViewController.swift in Sources */,
				24BBED452C04B63400567F66 /* AdTableViewCell.swift in Sources */,
				243101832C020F0600E19C97 /* AppDelegate.swift in Sources */,
				243101852C020F0600E19C97 /* SceneDelegate.swift in Sources */,
				24BBED352C04AC1500567F66 /* TravelViewController.swift in Sources */,
				24419E542C06DFD8008CB43C /* AdDetailViewController.swift in Sources */,
				24419E592C06FE74008CB43C /* CityInfo.swift in Sources */,
				24419EBA2C0B2E10008CB43C /* ChatViewController.swift in Sources */,
				24419E5D2C070144008CB43C /* CityViewController.swift in Sources */,
				24419EB32C0B01F5008CB43C /* TalkViewController.swift in Sources */,
				249A053B2C05D0200074D224 /* UIColor+.swift in Sources */,
			);
			runOnlyForDeploymentPostprocessing = 0;
		};
/* End PBXSourcesBuildPhase section */

/* Begin PBXVariantGroup section */
		243101882C020F0600E19C97 /* Main.storyboard */ = {
			isa = PBXVariantGroup;
			children = (
				243101892C020F0600E19C97 /* Base */,
			);
			name = Main.storyboard;
			sourceTree = "<group>";
		};
		2431018D2C020F0800E19C97 /* LaunchScreen.storyboard */ = {
			isa = PBXVariantGroup;
			children = (
				2431018E2C020F0800E19C97 /* Base */,
			);
			name = LaunchScreen.storyboard;
			sourceTree = "<group>";
		};
/* End PBXVariantGroup section */

/* Begin XCBuildConfiguration section */
		243101912C020F0800E19C97 /* Debug */ = {
			isa = XCBuildConfiguration;
			buildSettings = {
				ALWAYS_SEARCH_USER_PATHS = NO;
				ASSETCATALOG_COMPILER_GENERATE_SWIFT_ASSET_SYMBOL_EXTENSIONS = YES;
				CLANG_ANALYZER_NONNULL = YES;
				CLANG_ANALYZER_NUMBER_OBJECT_CONVERSION = YES_AGGRESSIVE;
				CLANG_CXX_LANGUAGE_STANDARD = "gnu++20";
				CLANG_ENABLE_MODULES = YES;
				CLANG_ENABLE_OBJC_ARC = YES;
				CLANG_ENABLE_OBJC_WEAK = YES;
				CLANG_WARN_BLOCK_CAPTURE_AUTORELEASING = YES;
				CLANG_WARN_BOOL_CONVERSION = YES;
				CLANG_WARN_COMMA = YES;
				CLANG_WARN_CONSTANT_CONVERSION = YES;
				CLANG_WARN_DEPRECATED_OBJC_IMPLEMENTATIONS = YES;
				CLANG_WARN_DIRECT_OBJC_ISA_USAGE = YES_ERROR;
				CLANG_WARN_DOCUMENTATION_COMMENTS = YES;
				CLANG_WARN_EMPTY_BODY = YES;
				CLANG_WARN_ENUM_CONVERSION = YES;
				CLANG_WARN_INFINITE_RECURSION = YES;
				CLANG_WARN_INT_CONVERSION = YES;
				CLANG_WARN_NON_LITERAL_NULL_CONVERSION = YES;
				CLANG_WARN_OBJC_IMPLICIT_RETAIN_SELF = YES;
				CLANG_WARN_OBJC_LITERAL_CONVERSION = YES;
				CLANG_WARN_OBJC_ROOT_CLASS = YES_ERROR;
				CLANG_WARN_QUOTED_INCLUDE_IN_FRAMEWORK_HEADER = YES;
				CLANG_WARN_RANGE_LOOP_ANALYSIS = YES;
				CLANG_WARN_STRICT_PROTOTYPES = YES;
				CLANG_WARN_SUSPICIOUS_MOVE = YES;
				CLANG_WARN_UNGUARDED_AVAILABILITY = YES_AGGRESSIVE;
				CLANG_WARN_UNREACHABLE_CODE = YES;
				CLANG_WARN__DUPLICATE_METHOD_MATCH = YES;
				COPY_PHASE_STRIP = NO;
				DEBUG_INFORMATION_FORMAT = dwarf;
				ENABLE_STRICT_OBJC_MSGSEND = YES;
				ENABLE_TESTABILITY = YES;
				ENABLE_USER_SCRIPT_SANDBOXING = YES;
				GCC_C_LANGUAGE_STANDARD = gnu17;
				GCC_DYNAMIC_NO_PIC = NO;
				GCC_NO_COMMON_BLOCKS = YES;
				GCC_OPTIMIZATION_LEVEL = 0;
				GCC_PREPROCESSOR_DEFINITIONS = (
					"DEBUG=1",
					"$(inherited)",
				);
				GCC_WARN_64_TO_32_BIT_CONVERSION = YES;
				GCC_WARN_ABOUT_RETURN_TYPE = YES_ERROR;
				GCC_WARN_UNDECLARED_SELECTOR = YES;
				GCC_WARN_UNINITIALIZED_AUTOS = YES_AGGRESSIVE;
				GCC_WARN_UNUSED_FUNCTION = YES;
				GCC_WARN_UNUSED_VARIABLE = YES;
				IPHONEOS_DEPLOYMENT_TARGET = 17.4;
				LOCALIZATION_PREFERS_STRING_CATALOGS = YES;
				MTL_ENABLE_DEBUG_INFO = INCLUDE_SOURCE;
				MTL_FAST_MATH = YES;
				ONLY_ACTIVE_ARCH = YES;
				SDKROOT = iphoneos;
				SWIFT_ACTIVE_COMPILATION_CONDITIONS = "DEBUG $(inherited)";
				SWIFT_OPTIMIZATION_LEVEL = "-Onone";
			};
			name = Debug;
		};
		243101922C020F0800E19C97 /* Release */ = {
			isa = XCBuildConfiguration;
			buildSettings = {
				ALWAYS_SEARCH_USER_PATHS = NO;
				ASSETCATALOG_COMPILER_GENERATE_SWIFT_ASSET_SYMBOL_EXTENSIONS = YES;
				CLANG_ANALYZER_NONNULL = YES;
				CLANG_ANALYZER_NUMBER_OBJECT_CONVERSION = YES_AGGRESSIVE;
				CLANG_CXX_LANGUAGE_STANDARD = "gnu++20";
				CLANG_ENABLE_MODULES = YES;
				CLANG_ENABLE_OBJC_ARC = YES;
				CLANG_ENABLE_OBJC_WEAK = YES;
				CLANG_WARN_BLOCK_CAPTURE_AUTORELEASING = YES;
				CLANG_WARN_BOOL_CONVERSION = YES;
				CLANG_WARN_COMMA = YES;
				CLANG_WARN_CONSTANT_CONVERSION = YES;
				CLANG_WARN_DEPRECATED_OBJC_IMPLEMENTATIONS = YES;
				CLANG_WARN_DIRECT_OBJC_ISA_USAGE = YES_ERROR;
				CLANG_WARN_DOCUMENTATION_COMMENTS = YES;
				CLANG_WARN_EMPTY_BODY = YES;
				CLANG_WARN_ENUM_CONVERSION = YES;
				CLANG_WARN_INFINITE_RECURSION = YES;
				CLANG_WARN_INT_CONVERSION = YES;
				CLANG_WARN_NON_LITERAL_NULL_CONVERSION = YES;
				CLANG_WARN_OBJC_IMPLICIT_RETAIN_SELF = YES;
				CLANG_WARN_OBJC_LITERAL_CONVERSION = YES;
				CLANG_WARN_OBJC_ROOT_CLASS = YES_ERROR;
				CLANG_WARN_QUOTED_INCLUDE_IN_FRAMEWORK_HEADER = YES;
				CLANG_WARN_RANGE_LOOP_ANALYSIS = YES;
				CLANG_WARN_STRICT_PROTOTYPES = YES;
				CLANG_WARN_SUSPICIOUS_MOVE = YES;
				CLANG_WARN_UNGUARDED_AVAILABILITY = YES_AGGRESSIVE;
				CLANG_WARN_UNREACHABLE_CODE = YES;
				CLANG_WARN__DUPLICATE_METHOD_MATCH = YES;
				COPY_PHASE_STRIP = NO;
				DEBUG_INFORMATION_FORMAT = "dwarf-with-dsym";
				ENABLE_NS_ASSERTIONS = NO;
				ENABLE_STRICT_OBJC_MSGSEND = YES;
				ENABLE_USER_SCRIPT_SANDBOXING = YES;
				GCC_C_LANGUAGE_STANDARD = gnu17;
				GCC_NO_COMMON_BLOCKS = YES;
				GCC_WARN_64_TO_32_BIT_CONVERSION = YES;
				GCC_WARN_ABOUT_RETURN_TYPE = YES_ERROR;
				GCC_WARN_UNDECLARED_SELECTOR = YES;
				GCC_WARN_UNINITIALIZED_AUTOS = YES_AGGRESSIVE;
				GCC_WARN_UNUSED_FUNCTION = YES;
				GCC_WARN_UNUSED_VARIABLE = YES;
				IPHONEOS_DEPLOYMENT_TARGET = 17.4;
				LOCALIZATION_PREFERS_STRING_CATALOGS = YES;
				MTL_ENABLE_DEBUG_INFO = NO;
				MTL_FAST_MATH = YES;
				SDKROOT = iphoneos;
				SWIFT_COMPILATION_MODE = wholemodule;
				VALIDATE_PRODUCT = YES;
			};
			name = Release;
		};
		243101942C020F0800E19C97 /* Debug */ = {
			isa = XCBuildConfiguration;
			buildSettings = {
				ASSETCATALOG_COMPILER_APPICON_NAME = AppIcon;
				ASSETCATALOG_COMPILER_GLOBAL_ACCENT_COLOR_NAME = AccentColor;
				CODE_SIGN_STYLE = Automatic;
				CURRENT_PROJECT_VERSION = 1;
				DEVELOPMENT_TEAM = Z6H2JVV9PA;
				GENERATE_INFOPLIST_FILE = YES;
				INFOPLIST_FILE = Travel/Info.plist;
				INFOPLIST_KEY_UIApplicationSupportsIndirectInputEvents = YES;
				INFOPLIST_KEY_UILaunchStoryboardName = LaunchScreen;
				INFOPLIST_KEY_UIMainStoryboardFile = Main;
				INFOPLIST_KEY_UISupportedInterfaceOrientations = UIInterfaceOrientationPortrait;
				INFOPLIST_KEY_UISupportedInterfaceOrientations_iPad = "UIInterfaceOrientationLandscapeLeft UIInterfaceOrientationLandscapeRight UIInterfaceOrientationPortrait UIInterfaceOrientationPortraitUpsideDown";
				IPHONEOS_DEPLOYMENT_TARGET = 16.0;
				LD_RUNPATH_SEARCH_PATHS = (
					"$(inherited)",
					"@executable_path/Frameworks",
				);
				MARKETING_VERSION = 1.0;
				PRODUCT_BUNDLE_IDENTIFIER = com.ksm.Travel;
				PRODUCT_NAME = "$(TARGET_NAME)";
				SUPPORTED_PLATFORMS = "iphoneos iphonesimulator";
				SUPPORTS_MACCATALYST = NO;
				SUPPORTS_MAC_DESIGNED_FOR_IPHONE_IPAD = NO;
				SUPPORTS_XR_DESIGNED_FOR_IPHONE_IPAD = NO;
				SWIFT_EMIT_LOC_STRINGS = YES;
				SWIFT_VERSION = 5.0;
				TARGETED_DEVICE_FAMILY = 1;
			};
			name = Debug;
		};
		243101952C020F0800E19C97 /* Release */ = {
			isa = XCBuildConfiguration;
			buildSettings = {
				ASSETCATALOG_COMPILER_APPICON_NAME = AppIcon;
				ASSETCATALOG_COMPILER_GLOBAL_ACCENT_COLOR_NAME = AccentColor;
				CODE_SIGN_STYLE = Automatic;
				CURRENT_PROJECT_VERSION = 1;
				DEVELOPMENT_TEAM = Z6H2JVV9PA;
				GENERATE_INFOPLIST_FILE = YES;
				INFOPLIST_FILE = Travel/Info.plist;
				INFOPLIST_KEY_UIApplicationSupportsIndirectInputEvents = YES;
				INFOPLIST_KEY_UILaunchStoryboardName = LaunchScreen;
				INFOPLIST_KEY_UIMainStoryboardFile = Main;
				INFOPLIST_KEY_UISupportedInterfaceOrientations = UIInterfaceOrientationPortrait;
				INFOPLIST_KEY_UISupportedInterfaceOrientations_iPad = "UIInterfaceOrientationLandscapeLeft UIInterfaceOrientationLandscapeRight UIInterfaceOrientationPortrait UIInterfaceOrientationPortraitUpsideDown";
				IPHONEOS_DEPLOYMENT_TARGET = 16.0;
				LD_RUNPATH_SEARCH_PATHS = (
					"$(inherited)",
					"@executable_path/Frameworks",
				);
				MARKETING_VERSION = 1.0;
				PRODUCT_BUNDLE_IDENTIFIER = com.ksm.Travel;
				PRODUCT_NAME = "$(TARGET_NAME)";
				SUPPORTED_PLATFORMS = "iphoneos iphonesimulator";
				SUPPORTS_MACCATALYST = NO;
				SUPPORTS_MAC_DESIGNED_FOR_IPHONE_IPAD = NO;
				SUPPORTS_XR_DESIGNED_FOR_IPHONE_IPAD = NO;
				SWIFT_EMIT_LOC_STRINGS = YES;
				SWIFT_VERSION = 5.0;
				TARGETED_DEVICE_FAMILY = 1;
			};
			name = Release;
		};
/* End XCBuildConfiguration section */

/* Begin XCConfigurationList section */
		2431017A2C020F0600E19C97 /* Build configuration list for PBXProject "Travel" */ = {
			isa = XCConfigurationList;
			buildConfigurations = (
				243101912C020F0800E19C97 /* Debug */,
				243101922C020F0800E19C97 /* Release */,
			);
			defaultConfigurationIsVisible = 0;
			defaultConfigurationName = Release;
		};
		243101932C020F0800E19C97 /* Build configuration list for PBXNativeTarget "Travel" */ = {
			isa = XCConfigurationList;
			buildConfigurations = (
				243101942C020F0800E19C97 /* Debug */,
				243101952C020F0800E19C97 /* Release */,
			);
			defaultConfigurationIsVisible = 0;
			defaultConfigurationName = Release;
		};
/* End XCConfigurationList section */

/* Begin XCRemoteSwiftPackageReference section */
		2431019E2C02133700E19C97 /* XCRemoteSwiftPackageReference "Kingfisher" */ = {
			isa = XCRemoteSwiftPackageReference;
			repositoryURL = "https://github.com/onevcat/Kingfisher";
			requirement = {
				kind = upToNextMajorVersion;
				minimumVersion = 7.11.0;
			};
		};
		24D5AD832C0ED382001624D9 /* XCRemoteSwiftPackageReference "SnapKit" */ = {
			isa = XCRemoteSwiftPackageReference;
			repositoryURL = "https://github.com/SnapKit/SnapKit";
			requirement = {
				kind = upToNextMajorVersion;
				minimumVersion = 5.7.1;
			};
		};
/* End XCRemoteSwiftPackageReference section */

/* Begin XCSwiftPackageProductDependency section */
		2431019F2C02133700E19C97 /* Kingfisher */ = {
			isa = XCSwiftPackageProductDependency;
			package = 2431019E2C02133700E19C97 /* XCRemoteSwiftPackageReference "Kingfisher" */;
			productName = Kingfisher;
		};
		24D5AD842C0ED382001624D9 /* SnapKit */ = {
			isa = XCSwiftPackageProductDependency;
			package = 24D5AD832C0ED382001624D9 /* XCRemoteSwiftPackageReference "SnapKit" */;
			productName = SnapKit;
		};
/* End XCSwiftPackageProductDependency section */
	};
	rootObject = 243101772C020F0600E19C97 /* Project object */;
}
